
Microsoft Visual Studio Solution File, Format Version 12.00
# Visual Studio Version 17
VisualStudioVersion = 17.8.34511.84
MinimumVisualStudioVersion = 10.0.40219.1
Project("{FAE04EC0-301F-11D3-BF4B-00C04F79EFBC}") = "EventoApi", "EventoApi.csproj", "{ED7D9A65-3FE7-4F2B-AF07-6F982FA2272D}"
EndProject
Project("{FAE04EC0-301F-11D3-BF4B-00C04F79EFBC}") = "EventoWeb", "..\EventoWeb\EventoWeb.csproj", "{5A9CF5FA-913F-4A3B-B806-12E41F91E409}"
EndProject
Global
	GlobalSection(SolutionConfigurationPlatforms) = preSolution
		Debug|Any CPU = Debug|Any CPU
		Release|Any CPU = Release|Any CPU
	EndGlobalSection
	GlobalSection(ProjectConfigurationPlatforms) = postSolution
		{ED7D9A65-3FE7-4F2B-AF07-6F982FA2272D}.Debug|Any CPU.ActiveCfg = Debug|Any CPU
		{ED7D9A65-3FE7-4F2B-AF07-6F982FA2272D}.Debug|Any CPU.Build.0 = Debug|Any CPU
		{ED7D9A65-3FE7-4F2B-AF07-6F982FA2272D}.Release|Any CPU.ActiveCfg = Release|Any CPU
		{ED7D9A65-3FE7-4F2B-AF07-6F982FA2272D}.Release|Any CPU.Build.0 = Release|Any CPU
		{5A9CF5FA-913F-4A3B-B806-12E41F91E409}.Debug|Any CPU.ActiveCfg = Debug|Any CPU
		{5A9CF5FA-913F-4A3B-B806-12E41F91E409}.Debug|Any CPU.Build.0 = Debug|Any CPU
		{5A9CF5FA-913F-4A3B-B806-12E41F91E409}.Release|Any CPU.ActiveCfg = Release|Any CPU
		{5A9CF5FA-913F-4A3B-B806-12E41F91E409}.Release|Any CPU.Build.0 = Release|Any CPU
	EndGlobalSection
	GlobalSection(SolutionProperties) = preSolution
		HideSolutionNode = FALSE
	EndGlobalSection
	GlobalSection(ExtensibilityGlobals) = postSolution
		SolutionGuid = {6CC05B0E-7E91-4AFF-A0E9-A7F8B9FE1C0A}
	EndGlobalSection
EndGlobal
